// !$*UTF8*$!
{
	archiveVersion = 1;
	classes = {
	};
	objectVersion = 48;
	objects = {

/* Begin PBXBuildFile section */
		D5E25C462010DE5900CF3D75 /* AppDelegate.swift in Sources */ = {isa = PBXBuildFile; fileRef = D5E25C452010DE5900CF3D75 /* AppDelegate.swift */; };
		D5E25C482010DE5900CF3D75 /* ViewController.swift in Sources */ = {isa = PBXBuildFile; fileRef = D5E25C472010DE5900CF3D75 /* ViewController.swift */; };
		D5E25C4B2010DE5900CF3D75 /* Main.storyboard in Resources */ = {isa = PBXBuildFile; fileRef = D5E25C492010DE5900CF3D75 /* Main.storyboard */; };
		D5E25C4D2010DE5900CF3D75 /* Assets.xcassets in Resources */ = {isa = PBXBuildFile; fileRef = D5E25C4C2010DE5900CF3D75 /* Assets.xcassets */; };
		D5E25C502010DE5900CF3D75 /* LaunchScreen.storyboard in Resources */ = {isa = PBXBuildFile; fileRef = D5E25C4E2010DE5900CF3D75 /* LaunchScreen.storyboard */; };
		D5E25C592010DEC900CF3D75 /* TableViewRow.swift in Sources */ = {isa = PBXBuildFile; fileRef = D5E25C582010DEC900CF3D75 /* TableViewRow.swift */; };
		D5E25C5B2010DEDC00CF3D75 /* TableViewSection.swift in Sources */ = {isa = PBXBuildFile; fileRef = D5E25C5A2010DEDC00CF3D75 /* TableViewSection.swift */; };
		D5E25C5E201180BE00CF3D75 /* TableViewController.swift in Sources */ = {isa = PBXBuildFile; fileRef = D5E25C5D201180BE00CF3D75 /* TableViewController.swift */; };
		D5E25C602011829C00CF3D75 /* TableViewCell.swift in Sources */ = {isa = PBXBuildFile; fileRef = D5E25C5F2011829C00CF3D75 /* TableViewCell.swift */; };
		D5E25C652011A0D600CF3D75 /* UserInfoCell.swift in Sources */ = {isa = PBXBuildFile; fileRef = D5E25C642011A0D600CF3D75 /* UserInfoCell.swift */; };
		D5E25C672011A0F600CF3D75 /* UserInfoRow.swift in Sources */ = {isa = PBXBuildFile; fileRef = D5E25C662011A0F600CF3D75 /* UserInfoRow.swift */; };
		D5E25C6B2011A92100CF3D75 /* SimpleCell.swift in Sources */ = {isa = PBXBuildFile; fileRef = D5E25C6A2011A92100CF3D75 /* SimpleCell.swift */; };
		D5E25C6D2011A93A00CF3D75 /* SimpleRow.swift in Sources */ = {isa = PBXBuildFile; fileRef = D5E25C6C2011A93A00CF3D75 /* SimpleRow.swift */; };
/* End PBXBuildFile section */

/* Begin PBXFileReference section */
		D5E25C422010DE5900CF3D75 /* TableViewDemo.app */ = {isa = PBXFileReference; explicitFileType = wrapper.application; includeInIndex = 0; path = TableViewDemo.app; sourceTree = BUILT_PRODUCTS_DIR; };
		D5E25C452010DE5900CF3D75 /* AppDelegate.swift */ = {isa = PBXFileReference; lastKnownFileType = sourcecode.swift; path = AppDelegate.swift; sourceTree = "<group>"; };
		D5E25C472010DE5900CF3D75 /* ViewController.swift */ = {isa = PBXFileReference; lastKnownFileType = sourcecode.swift; path = ViewController.swift; sourceTree = "<group>"; };
		D5E25C4A2010DE5900CF3D75 /* Base */ = {isa = PBXFileReference; lastKnownFileType = file.storyboard; name = Base; path = Base.lproj/Main.storyboard; sourceTree = "<group>"; };
		D5E25C4C2010DE5900CF3D75 /* Assets.xcassets */ = {isa = PBXFileReference; lastKnownFileType = folder.assetcatalog; path = Assets.xcassets; sourceTree = "<group>"; };
		D5E25C4F2010DE5900CF3D75 /* Base */ = {isa = PBXFileReference; lastKnownFileType = file.storyboard; name = Base; path = Base.lproj/LaunchScreen.storyboard; sourceTree = "<group>"; };
		D5E25C512010DE5900CF3D75 /* Info.plist */ = {isa = PBXFileReference; lastKnownFileType = text.plist.xml; path = Info.plist; sourceTree = "<group>"; };
		D5E25C582010DEC900CF3D75 /* TableViewRow.swift */ = {isa = PBXFileReference; lastKnownFileType = sourcecode.swift; path = TableViewRow.swift; sourceTree = "<group>"; };
		D5E25C5A2010DEDC00CF3D75 /* TableViewSection.swift */ = {isa = PBXFileReference; lastKnownFileType = sourcecode.swift; path = TableViewSection.swift; sourceTree = "<group>"; };
		D5E25C5D201180BE00CF3D75 /* TableViewController.swift */ = {isa = PBXFileReference; lastKnownFileType = sourcecode.swift; path = TableViewController.swift; sourceTree = "<group>"; };
		D5E25C5F2011829C00CF3D75 /* TableViewCell.swift */ = {isa = PBXFileReference; lastKnownFileType = sourcecode.swift; path = TableViewCell.swift; sourceTree = "<group>"; };
		D5E25C642011A0D600CF3D75 /* UserInfoCell.swift */ = {isa = PBXFileReference; lastKnownFileType = sourcecode.swift; path = UserInfoCell.swift; sourceTree = "<group>"; };
		D5E25C662011A0F600CF3D75 /* UserInfoRow.swift */ = {isa = PBXFileReference; lastKnownFileType = sourcecode.swift; path = UserInfoRow.swift; sourceTree = "<group>"; };
		D5E25C6A2011A92100CF3D75 /* SimpleCell.swift */ = {isa = PBXFileReference; lastKnownFileType = sourcecode.swift; path = SimpleCell.swift; sourceTree = "<group>"; };
		D5E25C6C2011A93A00CF3D75 /* SimpleRow.swift */ = {isa = PBXFileReference; lastKnownFileType = sourcecode.swift; path = SimpleRow.swift; sourceTree = "<group>"; };
/* End PBXFileReference section */

/* Begin PBXFrameworksBuildPhase section */
		D5E25C3F2010DE5900CF3D75 /* Frameworks */ = {
			isa = PBXFrameworksBuildPhase;
			buildActionMask = 2147483647;
			files = (
			);
			runOnlyForDeploymentPostprocessing = 0;
		};
/* End PBXFrameworksBuildPhase section */

/* Begin PBXGroup section */
		D5E25C392010DE5900CF3D75 = {
			isa = PBXGroup;
			children = (
				D5E25C442010DE5900CF3D75 /* TableViewDemo */,
				D5E25C432010DE5900CF3D75 /* Products */,
			);
			sourceTree = "<group>";
		};
		D5E25C432010DE5900CF3D75 /* Products */ = {
			isa = PBXGroup;
			children = (
				D5E25C422010DE5900CF3D75 /* TableViewDemo.app */,
			);
			name = Products;
			sourceTree = "<group>";
		};
		D5E25C442010DE5900CF3D75 /* TableViewDemo */ = {
			isa = PBXGroup;
			children = (
				D5E25C572010DE9E00CF3D75 /* TableViewController */,
				D5E25C452010DE5900CF3D75 /* AppDelegate.swift */,
				D5E25C642011A0D600CF3D75 /* UserInfoCell.swift */,
				D5E25C662011A0F600CF3D75 /* UserInfoRow.swift */,
				D5E25C6A2011A92100CF3D75 /* SimpleCell.swift */,
				D5E25C6C2011A93A00CF3D75 /* SimpleRow.swift */,
				D5E25C472010DE5900CF3D75 /* ViewController.swift */,
				D5E25C492010DE5900CF3D75 /* Main.storyboard */,
				D5E25C4C2010DE5900CF3D75 /* Assets.xcassets */,
				D5E25C4E2010DE5900CF3D75 /* LaunchScreen.storyboard */,
				D5E25C512010DE5900CF3D75 /* Info.plist */,
			);
			path = TableViewDemo;
			sourceTree = "<group>";
		};
		D5E25C572010DE9E00CF3D75 /* TableViewController */ = {
			isa = PBXGroup;
			children = (
				D5E25C582010DEC900CF3D75 /* TableViewRow.swift */,
				D5E25C5A2010DEDC00CF3D75 /* TableViewSection.swift */,
				D5E25C5F2011829C00CF3D75 /* TableViewCell.swift */,
				D5E25C5D201180BE00CF3D75 /* TableViewController.swift */,
			);
			path = TableViewController;
			sourceTree = "<group>";
		};
/* End PBXGroup section */

/* Begin PBXNativeTarget section */
		D5E25C412010DE5900CF3D75 /* TableViewDemo */ = {
			isa = PBXNativeTarget;
			buildConfigurationList = D5E25C542010DE5900CF3D75 /* Build configuration list for PBXNativeTarget "TableViewDemo" */;
			buildPhases = (
				D5E25C3E2010DE5900CF3D75 /* Sources */,
				D5E25C3F2010DE5900CF3D75 /* Frameworks */,
				D5E25C402010DE5900CF3D75 /* Resources */,
			);
			buildRules = (
			);
			dependencies = (
			);
			name = TableViewDemo;
			productName = TableViewDemo;
			productReference = D5E25C422010DE5900CF3D75 /* TableViewDemo.app */;
			productType = "com.apple.product-type.application";
		};
/* End PBXNativeTarget section */

/* Begin PBXProject section */
		D5E25C3A2010DE5900CF3D75 /* Project object */ = {
			isa = PBXProject;
			attributes = {
				LastSwiftUpdateCheck = 0900;
				LastUpgradeCheck = 0900;
				ORGANIZATIONNAME = www.qiuyuliang.com;
				TargetAttributes = {
					D5E25C412010DE5900CF3D75 = {
						CreatedOnToolsVersion = 9.0;
						ProvisioningStyle = Automatic;
					};
				};
			};
			buildConfigurationList = D5E25C3D2010DE5900CF3D75 /* Build configuration list for PBXProject "TableViewDemo" */;
			compatibilityVersion = "Xcode 8.0";
			developmentRegion = en;
			hasScannedForEncodings = 0;
			knownRegions = (
				en,
				Base,
			);
			mainGroup = D5E25C392010DE5900CF3D75;
			productRefGroup = D5E25C432010DE5900CF3D75 /* Products */;
			projectDirPath = "";
			projectRoot = "";
			targets = (
				D5E25C412010DE5900CF3D75 /* TableViewDemo */,
			);
		};
/* End PBXProject section */

/* Begin PBXResourcesBuildPhase section */
		D5E25C402010DE5900CF3D75 /* Resources */ = {
			isa = PBXResourcesBuildPhase;
			buildActionMask = 2147483647;
			files = (
				D5E25C502010DE5900CF3D75 /* LaunchScreen.storyboard in Resources */,
				D5E25C4D2010DE5900CF3D75 /* Assets.xcassets in Resources */,
				D5E25C4B2010DE5900CF3D75 /* Main.storyboard in Resources */,
			);
			runOnlyForDeploymentPostprocessing = 0;
		};
/* End PBXResourcesBuildPhase section */

/* Begin PBXSourcesBuildPhase section */
		D5E25C3E2010DE5900CF3D75 /* Sources */ = {
			isa = PBXSourcesBuildPhase;
			buildActionMask = 2147483647;
			files = (
				D5E25C652011A0D600CF3D75 /* UserInfoCell.swift in Sources */,
				D5E25C592010DEC900CF3D75 /* TableViewRow.swift in Sources */,
				D5E25C5B2010DEDC00CF3D75 /* TableViewSection.swift in Sources */,
				D5E25C482010DE5900CF3D75 /* ViewController.swift in Sources */,
				D5E25C602011829C00CF3D75 /* TableViewCell.swift in Sources */,
				D5E25C5E201180BE00CF3D75 /* TableViewController.swift in Sources */,
				D5E25C462010DE5900CF3D75 /* AppDelegate.swift in Sources */,
				D5E25C6D2011A93A00CF3D75 /* SimpleRow.swift in Sources */,
				D5E25C672011A0F600CF3D75 /* UserInfoRow.swift in Sources */,
				D5E25C6B2011A92100CF3D75 /* SimpleCell.swift in Sources */,
			);
			runOnlyForDeploymentPostprocessing = 0;
		};
/* End PBXSourcesBuildPhase section */

/* Begin PBXVariantGroup section */
		D5E25C492010DE5900CF3D75 /* Main.storyboard */ = {
			isa = PBXVariantGroup;
			children = (
				D5E25C4A2010DE5900CF3D75 /* Base */,
			);
			name = Main.storyboard;
			sourceTree = "<group>";
		};
		D5E25C4E2010DE5900CF3D75 /* LaunchScreen.storyboard */ = {
			isa = PBXVariantGroup;
			children = (
				D5E25C4F2010DE5900CF3D75 /* Base */,
			);
			name = LaunchScreen.storyboard;
			sourceTree = "<group>";
		};
/* End PBXVariantGroup section */

/* Begin XCBuildConfiguration section */
		D5E25C522010DE5900CF3D75 /* Debug */ = {
			isa = XCBuildConfiguration;
			buildSettings = {
				ALWAYS_SEARCH_USER_PATHS = NO;
				CLANG_ANALYZER_NONNULL = YES;
				CLANG_ANALYZER_NUMBER_OBJECT_CONVERSION = YES_AGGRESSIVE;
				CLANG_CXX_LANGUAGE_STANDARD = "gnu++14";
				CLANG_CXX_LIBRARY = "libc++";
				CLANG_ENABLE_MODULES = YES;
				CLANG_ENABLE_OBJC_ARC = YES;
				CLANG_WARN_BLOCK_CAPTURE_AUTORELEASING = YES;
				CLANG_WARN_BOOL_CONVERSION = YES;
				CLANG_WARN_COMMA = YES;
				CLANG_WARN_CONSTANT_CONVERSION = YES;
				CLANG_WARN_DIRECT_OBJC_ISA_USAGE = YES_ERROR;
				CLANG_WARN_DOCUMENTATION_COMMENTS = YES;
				CLANG_WARN_EMPTY_BODY = YES;
				CLANG_WARN_ENUM_CONVERSION = YES;
				CLANG_WARN_INFINITE_RECURSION = YES;
				CLANG_WARN_INT_CONVERSION = YES;
				CLANG_WARN_NON_LITERAL_NULL_CONVERSION = YES;
				CLANG_WARN_OBJC_LITERAL_CONVERSION = YES;
				CLANG_WARN_OBJC_ROOT_CLASS = YES_ERROR;
				CLANG_WARN_RANGE_LOOP_ANALYSIS = YES;
				CLANG_WARN_STRICT_PROTOTYPES = YES;
				CLANG_WARN_SUSPICIOUS_MOVE = YES;
				CLANG_WARN_UNGUARDED_AVAILABILITY = YES_AGGRESSIVE;
				CLANG_WARN_UNREACHABLE_CODE = YES;
				CLANG_WARN__DUPLICATE_METHOD_MATCH = YES;
				CODE_SIGN_IDENTITY = "iPhone Developer";
				COPY_PHASE_STRIP = NO;
				DEBUG_INFORMATION_FORMAT = dwarf;
				ENABLE_STRICT_OBJC_MSGSEND = YES;
				ENABLE_TESTABILITY = YES;
				GCC_C_LANGUAGE_STANDARD = gnu11;
				GCC_DYNAMIC_NO_PIC = NO;
				GCC_NO_COMMON_BLOCKS = YES;
				GCC_OPTIMIZATION_LEVEL = 0;
				GCC_PREPROCESSOR_DEFINITIONS = (
					"DEBUG=1",
					"$(inherited)",
				);
				GCC_WARN_64_TO_32_BIT_CONVERSION = YES;
				GCC_WARN_ABOUT_RETURN_TYPE = YES_ERROR;
				GCC_WARN_UNDECLARED_SELECTOR = YES;
				GCC_WARN_UNINITIALIZED_AUTOS = YES_AGGRESSIVE;
				GCC_WARN_UNUSED_FUNCTION = YES;
				GCC_WARN_UNUSED_VARIABLE = YES;
				IPHONEOS_DEPLOYMENT_TARGET = 11.0;
				MTL_ENABLE_DEBUG_INFO = YES;
				ONLY_ACTIVE_ARCH = YES;
				SDKROOT = iphoneos;
				SWIFT_ACTIVE_COMPILATION_CONDITIONS = DEBUG;
				SWIFT_OPTIMIZATION_LEVEL = "-Onone";
			};
			name = Debug;
		};
		D5E25C532010DE5900CF3D75 /* Release */ = {
			isa = XCBuildConfiguration;
			buildSettings = {
				ALWAYS_SEARCH_USER_PATHS = NO;
				CLANG_ANALYZER_NONNULL = YES;
				CLANG_ANALYZER_NUMBER_OBJECT_CONVERSION = YES_AGGRESSIVE;
				CLANG_CXX_LANGUAGE_STANDARD = "gnu++14";
				CLANG_CXX_LIBRARY = "libc++";
				CLANG_ENABLE_MODULES = YES;
				CLANG_ENABLE_OBJC_ARC = YES;
				CLANG_WARN_BLOCK_CAPTURE_AUTORELEASING = YES;
				CLANG_WARN_BOOL_CONVERSION = YES;
				CLANG_WARN_COMMA = YES;
				CLANG_WARN_CONSTANT_CONVERSION = YES;
				CLANG_WARN_DIRECT_OBJC_ISA_USAGE = YES_ERROR;
				CLANG_WARN_DOCUMENTATION_COMMENTS = YES;
				CLANG_WARN_EMPTY_BODY = YES;
				CLANG_WARN_ENUM_CONVERSION = YES;
				CLANG_WARN_INFINITE_RECURSION = YES;
				CLANG_WARN_INT_CONVERSION = YES;
				CLANG_WARN_NON_LITERAL_NULL_CONVERSION = YES;
				CLANG_WARN_OBJC_LITERAL_CONVERSION = YES;
				CLANG_WARN_OBJC_ROOT_CLASS = YES_ERROR;
				CLANG_WARN_RANGE_LOOP_ANALYSIS = YES;
				CLANG_WARN_STRICT_PROTOTYPES = YES;
				CLANG_WARN_SUSPICIOUS_MOVE = YES;
				CLANG_WARN_UNGUARDED_AVAILABILITY = YES_AGGRESSIVE;
				CLANG_WARN_UNREACHABLE_CODE = YES;
				CLANG_WARN__DUPLICATE_METHOD_MATCH = YES;
				CODE_SIGN_IDENTITY = "iPhone Developer";
				COPY_PHASE_STRIP = NO;
				DEBUG_INFORMATION_FORMAT = "dwarf-with-dsym";
				ENABLE_NS_ASSERTIONS = NO;
				ENABLE_STRICT_OBJC_MSGSEND = YES;
				GCC_C_LANGUAGE_STANDARD = gnu11;
				GCC_NO_COMMON_BLOCKS = YES;
				GCC_WARN_64_TO_32_BIT_CONVERSION = YES;
				GCC_WARN_ABOUT_RETURN_TYPE = YES_ERROR;
				GCC_WARN_UNDECLARED_SELECTOR = YES;
				GCC_WARN_UNINITIALIZED_AUTOS = YES_AGGRESSIVE;
				GCC_WARN_UNUSED_FUNCTION = YES;
				GCC_WARN_UNUSED_VARIABLE = YES;
				IPHONEOS_DEPLOYMENT_TARGET = 11.0;
				MTL_ENABLE_DEBUG_INFO = NO;
				SDKROOT = iphoneos;
				SWIFT_OPTIMIZATION_LEVEL = "-Owholemodule";
				VALIDATE_PRODUCT = YES;
			};
			name = Release;
		};
		D5E25C552010DE5900CF3D75 /* Debug */ = {
			isa = XCBuildConfiguration;
			buildSettings = {
				ASSETCATALOG_COMPILER_APPICON_NAME = AppIcon;
				CODE_SIGN_STYLE = Automatic;
				DEVELOPMENT_TEAM = Q35U5JXDGW;
				INFOPLIST_FILE = TableViewDemo/Info.plist;
				LD_RUNPATH_SEARCH_PATHS = "$(inherited) @executable_path/Frameworks";
				PRODUCT_BUNDLE_IDENTIFIER = com.qiuyuliang.TableViewDemo;
				PRODUCT_NAME = "$(TARGET_NAME)";
				SWIFT_VERSION = 4.0;
				TARGETED_DEVICE_FAMILY = "1,2";
			};
			name = Debug;
		};
		D5E25C562010DE5900CF3D75 /* Release */ = {
			isa = XCBuildConfiguration;
			buildSettings = {
				ASSETCATALOG_COMPILER_APPICON_NAME = AppIcon;
				CODE_SIGN_STYLE = Automatic;
				DEVELOPMENT_TEAM = Q35U5JXDGW;
				INFOPLIST_FILE = TableViewDemo/Info.plist;
				LD_RUNPATH_SEARCH_PATHS = "$(inherited) @executable_path/Frameworks";
				PRODUCT_BUNDLE_IDENTIFIER = com.qiuyuliang.TableViewDemo;
				PRODUCT_NAME = "$(TARGET_NAME)";
				SWIFT_VERSION = 4.0;
				TARGETED_DEVICE_FAMILY = "1,2";
			};
			name = Release;
		};
/* End XCBuildConfiguration section */

/* Begin XCConfigurationList section */
		D5E25C3D2010DE5900CF3D75 /* Build configuration list for PBXProject "TableViewDemo" */ = {
			isa = XCConfigurationList;
			buildConfigurations = (
				D5E25C522010DE5900CF3D75 /* Debug */,
				D5E25C532010DE5900CF3D75 /* Release */,
			);
			defaultConfigurationIsVisible = 0;
			defaultConfigurationName = Release;
		};
		D5E25C542010DE5900CF3D75 /* Build configuration list for PBXNativeTarget "TableViewDemo" */ = {
			isa = XCConfigurationList;
			buildConfigurations = (
				D5E25C552010DE5900CF3D75 /* Debug */,
				D5E25C562010DE5900CF3D75 /* Release */,
			);
			defaultConfigurationIsVisible = 0;
			defaultConfigurationName = Release;
		};
/* End XCConfigurationList section */
	};
	rootObject = D5E25C3A2010DE5900CF3D75 /* Project object */;
}
